// !$*UTF8*$!
{
	archiveVersion = 1;
	classes = {
	};
	objectVersion = 48;
	objects = {

/* Begin PBXBuildFile section */
		042A26A9209C4D7300300FF7 /* AppDelegate.swift in Sources */ = {isa = PBXBuildFile; fileRef = 042A26A8209C4D7300300FF7 /* AppDelegate.swift */; };
		042A26AB209C4D7300300FF7 /* ViewController.swift in Sources */ = {isa = PBXBuildFile; fileRef = 042A26AA209C4D7300300FF7 /* ViewController.swift */; };
		042A26AE209C4D7300300FF7 /* Main.storyboard in Resources */ = {isa = PBXBuildFile; fileRef = 042A26AC209C4D7300300FF7 /* Main.storyboard */; };
		042A26B0209C4D7300300FF7 /* Assets.xcassets in Resources */ = {isa = PBXBuildFile; fileRef = 042A26AF209C4D7300300FF7 /* Assets.xcassets */; };
		042A26B3209C4D7300300FF7 /* LaunchScreen.storyboard in Resources */ = {isa = PBXBuildFile; fileRef = 042A26B1209C4D7300300FF7 /* LaunchScreen.storyboard */; };
		042A26BC209C4F0400300FF7 /* Second.storyboard in Resources */ = {isa = PBXBuildFile; fileRef = 042A26BA209C4F0400300FF7 /* Second.storyboard */; };
		042A26C1209C4F6200300FF7 /* Fourth.storyboard in Resources */ = {isa = PBXBuildFile; fileRef = 042A26BF209C4F6200300FF7 /* Fourth.storyboard */; };
		0437CC66209C6B4900BC529C /* Third.storyboard in Resources */ = {isa = PBXBuildFile; fileRef = 0437CC64209C6B4900BC529C /* Third.storyboard */; };
		0437CC76209C6EC600BC529C /* Bundle+Ext.swift in Sources */ = {isa = PBXBuildFile; fileRef = 0437CC75209C6EC600BC529C /* Bundle+Ext.swift */; };
		0437CC78209C6FE000BC529C /* HHTabBarController.swift in Sources */ = {isa = PBXBuildFile; fileRef = 0437CC77209C6FE000BC529C /* HHTabBarController.swift */; };
		0437CC7A209C705200BC529C /* HHBaseController.swift in Sources */ = {isa = PBXBuildFile; fileRef = 0437CC79209C705200BC529C /* HHBaseController.swift */; };
		0437CC7C209C70DC00BC529C /* HHHomeController.swift in Sources */ = {isa = PBXBuildFile; fileRef = 0437CC7B209C70DC00BC529C /* HHHomeController.swift */; };
		0437CC7E209C70F200BC529C /* HHDiscoverController.swift in Sources */ = {isa = PBXBuildFile; fileRef = 0437CC7D209C70F200BC529C /* HHDiscoverController.swift */; };
		0437CC80209C70FE00BC529C /* HHAdminController.swift in Sources */ = {isa = PBXBuildFile; fileRef = 0437CC7F209C70FE00BC529C /* HHAdminController.swift */; };
		0437CC82209C710B00BC529C /* HHMessageController.swift in Sources */ = {isa = PBXBuildFile; fileRef = 0437CC81209C710B00BC529C /* HHMessageController.swift */; };
		0437CC84209C756A00BC529C /* HHBaseNavigationController.swift in Sources */ = {isa = PBXBuildFile; fileRef = 0437CC83209C756A00BC529C /* HHBaseNavigationController.swift */; };
/* End PBXBuildFile section */

/* Begin PBXFileReference section */
		042A26A5209C4D7300300FF7 /* HHWeiBo.app */ = {isa = PBXFileReference; explicitFileType = wrapper.application; includeInIndex = 0; path = HHWeiBo.app; sourceTree = BUILT_PRODUCTS_DIR; };
		042A26A8209C4D7300300FF7 /* AppDelegate.swift */ = {isa = PBXFileReference; lastKnownFileType = sourcecode.swift; path = AppDelegate.swift; sourceTree = "<group>"; };
		042A26AA209C4D7300300FF7 /* ViewController.swift */ = {isa = PBXFileReference; lastKnownFileType = sourcecode.swift; path = ViewController.swift; sourceTree = "<group>"; };
		042A26AD209C4D7300300FF7 /* Base */ = {isa = PBXFileReference; lastKnownFileType = file.storyboard; name = Base; path = Base.lproj/Main.storyboard; sourceTree = "<group>"; };
		042A26AF209C4D7300300FF7 /* Assets.xcassets */ = {isa = PBXFileReference; lastKnownFileType = folder.assetcatalog; path = Assets.xcassets; sourceTree = "<group>"; };
		042A26B2209C4D7300300FF7 /* Base */ = {isa = PBXFileReference; lastKnownFileType = file.storyboard; name = Base; path = Base.lproj/LaunchScreen.storyboard; sourceTree = "<group>"; };
		042A26B4209C4D7300300FF7 /* Info.plist */ = {isa = PBXFileReference; lastKnownFileType = text.plist.xml; path = Info.plist; sourceTree = "<group>"; };
		042A26BB209C4F0400300FF7 /* Base */ = {isa = PBXFileReference; lastKnownFileType = file.storyboard; name = Base; path = HHWeiBo/Base.lproj/Second.storyboard; sourceTree = "<group>"; };
		042A26C0209C4F6200300FF7 /* Base */ = {isa = PBXFileReference; lastKnownFileType = file.storyboard; name = Base; path = HHWeiBo/Base.lproj/Fourth.storyboard; sourceTree = "<group>"; };
		0437CC65209C6B4900BC529C /* Base */ = {isa = PBXFileReference; lastKnownFileType = file.storyboard; name = Base; path = Base.lproj/Third.storyboard; sourceTree = "<group>"; };
		0437CC72209C6CAA00BC529C /* HH-Bridge.h */ = {isa = PBXFileReference; lastKnownFileType = sourcecode.c.h; path = "HH-Bridge.h"; sourceTree = "<group>"; };
		0437CC75209C6EC600BC529C /* Bundle+Ext.swift */ = {isa = PBXFileReference; lastKnownFileType = sourcecode.swift; path = "Bundle+Ext.swift"; sourceTree = "<group>"; };
		0437CC77209C6FE000BC529C /* HHTabBarController.swift */ = {isa = PBXFileReference; lastKnownFileType = sourcecode.swift; path = HHTabBarController.swift; sourceTree = "<group>"; };
		0437CC79209C705200BC529C /* HHBaseController.swift */ = {isa = PBXFileReference; lastKnownFileType = sourcecode.swift; path = HHBaseController.swift; sourceTree = "<group>"; };
		0437CC7B209C70DC00BC529C /* HHHomeController.swift */ = {isa = PBXFileReference; lastKnownFileType = sourcecode.swift; path = HHHomeController.swift; sourceTree = "<group>"; };
		0437CC7D209C70F200BC529C /* HHDiscoverController.swift */ = {isa = PBXFileReference; lastKnownFileType = sourcecode.swift; path = HHDiscoverController.swift; sourceTree = "<group>"; };
		0437CC7F209C70FE00BC529C /* HHAdminController.swift */ = {isa = PBXFileReference; lastKnownFileType = sourcecode.swift; path = HHAdminController.swift; sourceTree = "<group>"; };
		0437CC81209C710B00BC529C /* HHMessageController.swift */ = {isa = PBXFileReference; lastKnownFileType = sourcecode.swift; path = HHMessageController.swift; sourceTree = "<group>"; };
		0437CC83209C756A00BC529C /* HHBaseNavigationController.swift */ = {isa = PBXFileReference; lastKnownFileType = sourcecode.swift; path = HHBaseNavigationController.swift; sourceTree = "<group>"; };
/* End PBXFileReference section */

/* Begin PBXFrameworksBuildPhase section */
		042A26A2209C4D7300300FF7 /* Frameworks */ = {
			isa = PBXFrameworksBuildPhase;
			buildActionMask = 2147483647;
			files = (
			);
			runOnlyForDeploymentPostprocessing = 0;
		};
/* End PBXFrameworksBuildPhase section */

/* Begin PBXGroup section */
		042A269C209C4D7300300FF7 = {
			isa = PBXGroup;
			children = (
				042A26A7209C4D7300300FF7 /* HHWeiBo */,
				042A26A6209C4D7300300FF7 /* Products */,
			);
			sourceTree = "<group>";
		};
		042A26A6209C4D7300300FF7 /* Products */ = {
			isa = PBXGroup;
			children = (
				042A26A5209C4D7300300FF7 /* HHWeiBo.app */,
			);
			name = Products;
			sourceTree = "<group>";
		};
		042A26A7209C4D7300300FF7 /* HHWeiBo */ = {
			isa = PBXGroup;
			children = (
				0437CC67209C6C0400BC529C /* Classes */,
				042A26A8209C4D7300300FF7 /* AppDelegate.swift */,
				042A26AA209C4D7300300FF7 /* ViewController.swift */,
				0437CC71209C6C1C00BC529C /* Others */,
			);
			path = HHWeiBo;
			sourceTree = "<group>";
		};
		0437CC67209C6C0400BC529C /* Classes */ = {
			isa = PBXGroup;
			children = (
				0437CC68209C6C0400BC529C /* ViewModel */,
				0437CC6E209C6C0400BC529C /* Tools */,
				0437CC6F209C6C0400BC529C /* Model */,
				0437CC70209C6C0400BC529C /* View */,
			);
			path = Classes;
			sourceTree = "<group>";
		};
		0437CC68209C6C0400BC529C /* ViewModel */ = {
			isa = PBXGroup;
			children = (
				0437CC69209C6C0400BC529C /* Home */,
				0437CC6A209C6C0400BC529C /* Discover */,
				0437CC6B209C6C0400BC529C /* Admin */,
				0437CC6C209C6C0400BC529C /* Message */,
				0437CC6D209C6C0400BC529C /* Bsee */,
			);
			path = ViewModel;
			sourceTree = "<group>";
		};
		0437CC69209C6C0400BC529C /* Home */ = {
			isa = PBXGroup;
			children = (
				0437CC7B209C70DC00BC529C /* HHHomeController.swift */,
			);
			path = Home;
			sourceTree = "<group>";
		};
		0437CC6A209C6C0400BC529C /* Discover */ = {
			isa = PBXGroup;
			children = (
				0437CC7D209C70F200BC529C /* HHDiscoverController.swift */,
			);
			path = Discover;
			sourceTree = "<group>";
		};
		0437CC6B209C6C0400BC529C /* Admin */ = {
			isa = PBXGroup;
			children = (
				0437CC7F209C70FE00BC529C /* HHAdminController.swift */,
			);
			path = Admin;
			sourceTree = "<group>";
		};
		0437CC6C209C6C0400BC529C /* Message */ = {
			isa = PBXGroup;
			children = (
				0437CC81209C710B00BC529C /* HHMessageController.swift */,
			);
			path = Message;
			sourceTree = "<group>";
		};
		0437CC6D209C6C0400BC529C /* Bsee */ = {
			isa = PBXGroup;
			children = (
				0437CC77209C6FE000BC529C /* HHTabBarController.swift */,
				0437CC79209C705200BC529C /* HHBaseController.swift */,
				0437CC83209C756A00BC529C /* HHBaseNavigationController.swift */,
			);
			path = Bsee;
			sourceTree = "<group>";
		};
		0437CC6E209C6C0400BC529C /* Tools */ = {
			isa = PBXGroup;
			children = (
				0437CC74209C6E9000BC529C /* Extension */,
				0437CC73209C6E8100BC529C /* Category */,
			);
			path = Tools;
			sourceTree = "<group>";
		};
		0437CC6F209C6C0400BC529C /* Model */ = {
			isa = PBXGroup;
			children = (
			);
			path = Model;
			sourceTree = "<group>";
		};
		0437CC70209C6C0400BC529C /* View */ = {
			isa = PBXGroup;
			children = (
			);
			path = View;
			sourceTree = "<group>";
		};
		0437CC71209C6C1C00BC529C /* Others */ = {
			isa = PBXGroup;
			children = (
				042A26BA209C4F0400300FF7 /* Second.storyboard */,
				0437CC64209C6B4900BC529C /* Third.storyboard */,
				042A26BF209C4F6200300FF7 /* Fourth.storyboard */,
				042A26AC209C4D7300300FF7 /* Main.storyboard */,
				042A26AF209C4D7300300FF7 /* Assets.xcassets */,
				042A26B1209C4D7300300FF7 /* LaunchScreen.storyboard */,
				042A26B4209C4D7300300FF7 /* Info.plist */,
				0437CC72209C6CAA00BC529C /* HH-Bridge.h */,
			);
			name = Others;
			sourceTree = "<group>";
		};
		0437CC73209C6E8100BC529C /* Category */ = {
			isa = PBXGroup;
			children = (
			);
			path = Category;
			sourceTree = "<group>";
		};
		0437CC74209C6E9000BC529C /* Extension */ = {
			isa = PBXGroup;
			children = (
				0437CC75209C6EC600BC529C /* Bundle+Ext.swift */,
			);
			path = Extension;
			sourceTree = "<group>";
		};
/* End PBXGroup section */

/* Begin PBXNativeTarget section */
		042A26A4209C4D7300300FF7 /* HHWeiBo */ = {
			isa = PBXNativeTarget;
			buildConfigurationList = 042A26B7209C4D7300300FF7 /* Build configuration list for PBXNativeTarget "HHWeiBo" */;
			buildPhases = (
				042A26A1209C4D7300300FF7 /* Sources */,
				042A26A2209C4D7300300FF7 /* Frameworks */,
				042A26A3209C4D7300300FF7 /* Resources */,
			);
			buildRules = (
			);
			dependencies = (
			);
			name = HHWeiBo;
			productName = HHWeiBo;
			productReference = 042A26A5209C4D7300300FF7 /* HHWeiBo.app */;
			productType = "com.apple.product-type.application";
		};
/* End PBXNativeTarget section */

/* Begin PBXProject section */
		042A269D209C4D7300300FF7 /* Project object */ = {
			isa = PBXProject;
			attributes = {
				CLASSPREFIX = HH;
				LastSwiftUpdateCheck = 0920;
				LastUpgradeCheck = 0920;
				ORGANIZATIONNAME = Mac;
				TargetAttributes = {
					042A26A4209C4D7300300FF7 = {
						CreatedOnToolsVersion = 9.2;
						ProvisioningStyle = Automatic;
					};
				};
			};
			buildConfigurationList = 042A26A0209C4D7300300FF7 /* Build configuration list for PBXProject "HHWeiBo" */;
			compatibilityVersion = "Xcode 8.0";
			developmentRegion = en;
			hasScannedForEncodings = 0;
			knownRegions = (
				en,
				Base,
			);
			mainGroup = 042A269C209C4D7300300FF7;
			productRefGroup = 042A26A6209C4D7300300FF7 /* Products */;
			projectDirPath = "";
			projectRoot = "";
			targets = (
				042A26A4209C4D7300300FF7 /* HHWeiBo */,
			);
		};
/* End PBXProject section */

/* Begin PBXResourcesBuildPhase section */
		042A26A3209C4D7300300FF7 /* Resources */ = {
			isa = PBXResourcesBuildPhase;
			buildActionMask = 2147483647;
			files = (
				042A26BC209C4F0400300FF7 /* Second.storyboard in Resources */,
				042A26B3209C4D7300300FF7 /* LaunchScreen.storyboard in Resources */,
				042A26B0209C4D7300300FF7 /* Assets.xcassets in Resources */,
				042A26AE209C4D7300300FF7 /* Main.storyboard in Resources */,
				0437CC66209C6B4900BC529C /* Third.storyboard in Resources */,
				042A26C1209C4F6200300FF7 /* Fourth.storyboard in Resources */,
			);
			runOnlyForDeploymentPostprocessing = 0;
		};
/* End PBXResourcesBuildPhase section */

/* Begin PBXSourcesBuildPhase section */
		042A26A1209C4D7300300FF7 /* Sources */ = {
			isa = PBXSourcesBuildPhase;
			buildActionMask = 2147483647;
			files = (
				0437CC82209C710B00BC529C /* HHMessageController.swift in Sources */,
				0437CC76209C6EC600BC529C /* Bundle+Ext.swift in Sources */,
				042A26AB209C4D7300300FF7 /* ViewController.swift in Sources */,
				0437CC7E209C70F200BC529C /* HHDiscoverController.swift in Sources */,
				0437CC7C209C70DC00BC529C /* HHHomeController.swift in Sources */,
				042A26A9209C4D7300300FF7 /* AppDelegate.swift in Sources */,
				0437CC78209C6FE000BC529C /* HHTabBarController.swift in Sources */,
				0437CC7A209C705200BC529C /* HHBaseController.swift in Sources */,
				0437CC84209C756A00BC529C /* HHBaseNavigationController.swift in Sources */,
				0437CC80209C70FE00BC529C /* HHAdminController.swift in Sources */,
			);
			runOnlyForDeploymentPostprocessing = 0;
		};
/* End PBXSourcesBuildPhase section */

/* Begin PBXVariantGroup section */
		042A26AC209C4D7300300FF7 /* Main.storyboard */ = {
			isa = PBXVariantGroup;
			children = (
				042A26AD209C4D7300300FF7 /* Base */,
			);
			name = Main.storyboard;
			sourceTree = "<group>";
		};
		042A26B1209C4D7300300FF7 /* LaunchScreen.storyboard */ = {
			isa = PBXVariantGroup;
			children = (
				042A26B2209C4D7300300FF7 /* Base */,
			);
			name = LaunchScreen.storyboard;
			sourceTree = "<group>";
		};
		042A26BA209C4F0400300FF7 /* Second.storyboard */ = {
			isa = PBXVariantGroup;
			children = (
				042A26BB209C4F0400300FF7 /* Base */,
			);
			name = Second.storyboard;
			sourceTree = "<group>";
		};
		042A26BF209C4F6200300FF7 /* Fourth.storyboard */ = {
			isa = PBXVariantGroup;
			children = (
				042A26C0209C4F6200300FF7 /* Base */,
			);
			name = Fourth.storyboard;
			sourceTree = "<group>";
		};
		0437CC64209C6B4900BC529C /* Third.storyboard */ = {
			isa = PBXVariantGroup;
			children = (
				0437CC65209C6B4900BC529C /* Base */,
			);
			name = Third.storyboard;
			sourceTree = "<group>";
		};
/* End PBXVariantGroup section */

/* Begin XCBuildConfiguration section */
		042A26B5209C4D7300300FF7 /* Debug */ = {
			isa = XCBuildConfiguration;
			buildSettings = {
				ALWAYS_SEARCH_USER_PATHS = NO;
				CLANG_ANALYZER_NONNULL = YES;
				CLANG_ANALYZER_NUMBER_OBJECT_CONVERSION = YES_AGGRESSIVE;
				CLANG_CXX_LANGUAGE_STANDARD = "gnu++14";
				CLANG_CXX_LIBRARY = "libc++";
				CLANG_ENABLE_MODULES = YES;
				CLANG_ENABLE_OBJC_ARC = YES;
				CLANG_WARN_BLOCK_CAPTURE_AUTORELEASING = YES;
				CLANG_WARN_BOOL_CONVERSION = YES;
				CLANG_WARN_COMMA = YES;
				CLANG_WARN_CONSTANT_CONVERSION = YES;
				CLANG_WARN_DIRECT_OBJC_ISA_USAGE = YES_ERROR;
				CLANG_WARN_DOCUMENTATION_COMMENTS = YES;
				CLANG_WARN_EMPTY_BODY = YES;
				CLANG_WARN_ENUM_CONVERSION = YES;
				CLANG_WARN_INFINITE_RECURSION = YES;
				CLANG_WARN_INT_CONVERSION = YES;
				CLANG_WARN_NON_LITERAL_NULL_CONVERSION = YES;
				CLANG_WARN_OBJC_LITERAL_CONVERSION = YES;
				CLANG_WARN_OBJC_ROOT_CLASS = YES_ERROR;
				CLANG_WARN_RANGE_LOOP_ANALYSIS = YES;
				CLANG_WARN_STRICT_PROTOTYPES = YES;
				CLANG_WARN_SUSPICIOUS_MOVE = YES;
				CLANG_WARN_UNGUARDED_AVAILABILITY = YES_AGGRESSIVE;
				CLANG_WARN_UNREACHABLE_CODE = YES;
				CLANG_WARN__DUPLICATE_METHOD_MATCH = YES;
				CODE_SIGN_IDENTITY = "iPhone Developer";
				COPY_PHASE_STRIP = NO;
				DEBUG_INFORMATION_FORMAT = dwarf;
				ENABLE_STRICT_OBJC_MSGSEND = YES;
				ENABLE_TESTABILITY = YES;
				GCC_C_LANGUAGE_STANDARD = gnu11;
				GCC_DYNAMIC_NO_PIC = NO;
				GCC_NO_COMMON_BLOCKS = YES;
				GCC_OPTIMIZATION_LEVEL = 0;
				GCC_PREPROCESSOR_DEFINITIONS = (
					"DEBUG=1",
					"$(inherited)",
				);
				GCC_WARN_64_TO_32_BIT_CONVERSION = YES;
				GCC_WARN_ABOUT_RETURN_TYPE = YES_ERROR;
				GCC_WARN_UNDECLARED_SELECTOR = YES;
				GCC_WARN_UNINITIALIZED_AUTOS = YES_AGGRESSIVE;
				GCC_WARN_UNUSED_FUNCTION = YES;
				GCC_WARN_UNUSED_VARIABLE = YES;
				IPHONEOS_DEPLOYMENT_TARGET = 11.2;
				MTL_ENABLE_DEBUG_INFO = YES;
				ONLY_ACTIVE_ARCH = YES;
				SDKROOT = iphoneos;
				SWIFT_ACTIVE_COMPILATION_CONDITIONS = DEBUG;
				SWIFT_OPTIMIZATION_LEVEL = "-Onone";
			};
			name = Debug;
		};
		042A26B6209C4D7300300FF7 /* Release */ = {
			isa = XCBuildConfiguration;
			buildSettings = {
				ALWAYS_SEARCH_USER_PATHS = NO;
				CLANG_ANALYZER_NONNULL = YES;
				CLANG_ANALYZER_NUMBER_OBJECT_CONVERSION = YES_AGGRESSIVE;
				CLANG_CXX_LANGUAGE_STANDARD = "gnu++14";
				CLANG_CXX_LIBRARY = "libc++";
				CLANG_ENABLE_MODULES = YES;
				CLANG_ENABLE_OBJC_ARC = YES;
				CLANG_WARN_BLOCK_CAPTURE_AUTORELEASING = YES;
				CLANG_WARN_BOOL_CONVERSION = YES;
				CLANG_WARN_COMMA = YES;
				CLANG_WARN_CONSTANT_CONVERSION = YES;
				CLANG_WARN_DIRECT_OBJC_ISA_USAGE = YES_ERROR;
				CLANG_WARN_DOCUMENTATION_COMMENTS = YES;
				CLANG_WARN_EMPTY_BODY = YES;
				CLANG_WARN_ENUM_CONVERSION = YES;
				CLANG_WARN_INFINITE_RECURSION = YES;
				CLANG_WARN_INT_CONVERSION = YES;
				CLANG_WARN_NON_LITERAL_NULL_CONVERSION = YES;
				CLANG_WARN_OBJC_LITERAL_CONVERSION = YES;
				CLANG_WARN_OBJC_ROOT_CLASS = YES_ERROR;
				CLANG_WARN_RANGE_LOOP_ANALYSIS = YES;
				CLANG_WARN_STRICT_PROTOTYPES = YES;
				CLANG_WARN_SUSPICIOUS_MOVE = YES;
				CLANG_WARN_UNGUARDED_AVAILABILITY = YES_AGGRESSIVE;
				CLANG_WARN_UNREACHABLE_CODE = YES;
				CLANG_WARN__DUPLICATE_METHOD_MATCH = YES;
				CODE_SIGN_IDENTITY = "iPhone Developer";
				COPY_PHASE_STRIP = NO;
				DEBUG_INFORMATION_FORMAT = "dwarf-with-dsym";
				ENABLE_NS_ASSERTIONS = NO;
				ENABLE_STRICT_OBJC_MSGSEND = YES;
				GCC_C_LANGUAGE_STANDARD = gnu11;
				GCC_NO_COMMON_BLOCKS = YES;
				GCC_WARN_64_TO_32_BIT_CONVERSION = YES;
				GCC_WARN_ABOUT_RETURN_TYPE = YES_ERROR;
				GCC_WARN_UNDECLARED_SELECTOR = YES;
				GCC_WARN_UNINITIALIZED_AUTOS = YES_AGGRESSIVE;
				GCC_WARN_UNUSED_FUNCTION = YES;
				GCC_WARN_UNUSED_VARIABLE = YES;
				IPHONEOS_DEPLOYMENT_TARGET = 11.2;
				MTL_ENABLE_DEBUG_INFO = NO;
				SDKROOT = iphoneos;
				SWIFT_OPTIMIZATION_LEVEL = "-Owholemodule";
				VALIDATE_PRODUCT = YES;
			};
			name = Release;
		};
		042A26B8209C4D7300300FF7 /* Debug */ = {
			isa = XCBuildConfiguration;
			buildSettings = {
				ASSETCATALOG_COMPILER_APPICON_NAME = AppIcon;
				CODE_SIGN_STYLE = Automatic;
				DEVELOPMENT_TEAM = YM2MZ34492;
				INFOPLIST_FILE = HHWeiBo/Info.plist;
				LD_RUNPATH_SEARCH_PATHS = "$(inherited) @executable_path/Frameworks";
				PRODUCT_BUNDLE_IDENTIFIER = Mac.HHWeiBo;
				PRODUCT_NAME = "$(TARGET_NAME)";
				SWIFT_OBJC_BRIDGING_HEADER = "HHWeiBo/HH-Bridge.h";
				SWIFT_VERSION = 4.0;
				TARGETED_DEVICE_FAMILY = "1,2";
			};
			name = Debug;
		};
		042A26B9209C4D7300300FF7 /* Release */ = {
			isa = XCBuildConfiguration;
			buildSettings = {
				ASSETCATALOG_COMPILER_APPICON_NAME = AppIcon;
				CODE_SIGN_STYLE = Automatic;
				DEVELOPMENT_TEAM = YM2MZ34492;
				INFOPLIST_FILE = HHWeiBo/Info.plist;
				LD_RUNPATH_SEARCH_PATHS = "$(inherited) @executable_path/Frameworks";
				PRODUCT_BUNDLE_IDENTIFIER = Mac.HHWeiBo;
				PRODUCT_NAME = "$(TARGET_NAME)";
				SWIFT_OBJC_BRIDGING_HEADER = "HHWeiBo/HH-Bridge.h";
				SWIFT_VERSION = 4.0;
				TARGETED_DEVICE_FAMILY = "1,2";
			};
			name = Release;
		};
/* End XCBuildConfiguration section */

/* Begin XCConfigurationList section */
		042A26A0209C4D7300300FF7 /* Build configuration list for PBXProject "HHWeiBo" */ = {
			isa = XCConfigurationList;
			buildConfigurations = (
				042A26B5209C4D7300300FF7 /* Debug */,
				042A26B6209C4D7300300FF7 /* Release */,
			);
			defaultConfigurationIsVisible = 0;
			defaultConfigurationName = Release;
		};
		042A26B7209C4D7300300FF7 /* Build configuration list for PBXNativeTarget "HHWeiBo" */ = {
			isa = XCConfigurationList;
			buildConfigurations = (
				042A26B8209C4D7300300FF7 /* Debug */,
				042A26B9209C4D7300300FF7 /* Release */,
			);
			defaultConfigurationIsVisible = 0;
			defaultConfigurationName = Release;
		};
/* End XCConfigurationList section */
	};
	rootObject = 042A269D209C4D7300300FF7 /* Project object */;
}
